
Microsoft Visual Studio Solution File, Format Version 12.00
# Visual Studio Version 17
VisualStudioVersion = 17.13.35931.197 d17.13
MinimumVisualStudioVersion = 10.0.40219.1
Project("{FAE04EC0-301F-11D3-BF4B-00C04F79EFBC}") = "Pratik - Inheritance", "Pratik - Inheritance\Pratik - Inheritance.csproj", "{1AFC67A1-65B7-4A21-867D-2AA730DE12F8}"
EndProject
Global
	GlobalSection(SolutionConfigurationPlatforms) = preSolution
		Debug|Any CPU = Debug|Any CPU
		Release|Any CPU = Release|Any CPU
	EndGlobalSection
	GlobalSection(ProjectConfigurationPlatforms) = postSolution
		{1AFC67A1-65B7-4A21-867D-2AA730DE12F8}.Debug|Any CPU.ActiveCfg = Debug|Any CPU
		{1AFC67A1-65B7-4A21-867D-2AA730DE12F8}.Debug|Any CPU.Build.0 = Debug|Any CPU
		{1AFC67A1-65B7-4A21-867D-2AA730DE12F8}.Release|Any CPU.ActiveCfg = Release|Any CPU
		{1AFC67A1-65B7-4A21-867D-2AA730DE12F8}.Release|Any CPU.Build.0 = Release|Any CPU
	EndGlobalSection
	GlobalSection(SolutionProperties) = preSolution
		HideSolutionNode = FALSE
	EndGlobalSection
	GlobalSection(ExtensibilityGlobals) = postSolution
		SolutionGuid = {4EE9AAC9-783E-4DA7-8B55-9EFCF48810EF}
	EndGlobalSection
EndGlobal
